
Microsoft Visual Studio Solution File, Format Version 12.00
# Visual Studio 15
VisualStudioVersion = 15.0.28307.329
MinimumVisualStudioVersion = 10.0.40219.1
Project("{FAE04EC0-301F-11D3-BF4B-00C04F79EFBC}") = "MobilSemProjekt.Android", "MobilSemProjekt\MobilSemProjekt.Android\MobilSemProjekt.Android.csproj", "{F433F689-B845-422D-9320-72C7C9469FB5}"
EndProject
Project("{FAE04EC0-301F-11D3-BF4B-00C04F79EFBC}") = "MobilSemProjekt.iOS", "MobilSemProjekt\MobilSemProjekt.iOS\MobilSemProjekt.iOS.csproj", "{ECA87A48-CBE7-48FA-90A4-94F44CC597E9}"
EndProject
Project("{FAE04EC0-301F-11D3-BF4B-00C04F79EFBC}") = "MobilSemProjekt.UWP", "MobilSemProjekt\MobilSemProjekt.UWP\MobilSemProjekt.UWP.csproj", "{27C63C99-7291-4803-89C5-C9831FE3ED9E}"
EndProject
Project("{9A19103F-16F7-4668-BE54-9A1E7A4F7556}") = "MobilSemProjekt", "MobilSemProjekt\MobilSemProjekt\MobilSemProjekt.csproj", "{7C578751-897E-4D98-BDFA-D57E11A7933E}"
EndProject
Project("{9A19103F-16F7-4668-BE54-9A1E7A4F7556}") = "MobilSemProjekt.MVVM", "MobilSemProjekt\MobilSemProjekt.MVVM\MobilSemProjekt.MVVM.csproj", "{E0598D6C-4523-4370-9ABB-F34CA04973C1}"
EndProject
Project("{FAE04EC0-301F-11D3-BF4B-00C04F79EFBC}") = "MobilSemProjekt.Tests", "MobilSemProjekt\MobilSemProjekt.Tests\MobilSemProjekt.Tests.csproj", "{6907B932-DD5B-42DC-8ECF-60D5D089BB54}"
EndProject
Global
	GlobalSection(SolutionConfigurationPlatforms) = preSolution
		Ad-Hoc|Any CPU = Ad-Hoc|Any CPU
		Ad-Hoc|ARM = Ad-Hoc|ARM
		Ad-Hoc|iPhone = Ad-Hoc|iPhone
		Ad-Hoc|iPhoneSimulator = Ad-Hoc|iPhoneSimulator
		Ad-Hoc|x64 = Ad-Hoc|x64
		Ad-Hoc|x86 = Ad-Hoc|x86
		AppStore|Any CPU = AppStore|Any CPU
		AppStore|ARM = AppStore|ARM
		AppStore|iPhone = AppStore|iPhone
		AppStore|iPhoneSimulator = AppStore|iPhoneSimulator
		AppStore|x64 = AppStore|x64
		AppStore|x86 = AppStore|x86
		Debug|Any CPU = Debug|Any CPU
		Debug|ARM = Debug|ARM
		Debug|iPhone = Debug|iPhone
		Debug|iPhoneSimulator = Debug|iPhoneSimulator
		Debug|x64 = Debug|x64
		Debug|x86 = Debug|x86
		Release|Any CPU = Release|Any CPU
		Release|ARM = Release|ARM
		Release|iPhone = Release|iPhone
		Release|iPhoneSimulator = Release|iPhoneSimulator
		Release|x64 = Release|x64
		Release|x86 = Release|x86
	EndGlobalSection
	GlobalSection(ProjectConfigurationPlatforms) = postSolution
		{F433F689-B845-422D-9320-72C7C9469FB5}.Ad-Hoc|Any CPU.ActiveCfg = Release|Any CPU
		{F433F689-B845-422D-9320-72C7C9469FB5}.Ad-Hoc|Any CPU.Build.0 = Release|Any CPU
		{F433F689-B845-422D-9320-72C7C9469FB5}.Ad-Hoc|Any CPU.Deploy.0 = Release|Any CPU
		{F433F689-B845-422D-9320-72C7C9469FB5}.Ad-Hoc|ARM.ActiveCfg = Release|Any CPU
		{F433F689-B845-422D-9320-72C7C9469FB5}.Ad-Hoc|ARM.Build.0 = Release|Any CPU
		{F433F689-B845-422D-9320-72C7C9469FB5}.Ad-Hoc|ARM.Deploy.0 = Release|Any CPU
		{F433F689-B845-422D-9320-72C7C9469FB5}.Ad-Hoc|iPhone.ActiveCfg = Release|Any CPU
		{F433F689-B845-422D-9320-72C7C9469FB5}.Ad-Hoc|iPhone.Build.0 = Release|Any CPU
		{F433F689-B845-422D-9320-72C7C9469FB5}.Ad-Hoc|iPhone.Deploy.0 = Release|Any CPU
		{F433F689-B845-422D-9320-72C7C9469FB5}.Ad-Hoc|iPhoneSimulator.ActiveCfg = Release|Any CPU
		{F433F689-B845-422D-9320-72C7C9469FB5}.Ad-Hoc|iPhoneSimulator.Build.0 = Release|Any CPU
		{F433F689-B845-422D-9320-72C7C9469FB5}.Ad-Hoc|iPhoneSimulator.Deploy.0 = Release|Any CPU
		{F433F689-B845-422D-9320-72C7C9469FB5}.Ad-Hoc|x64.ActiveCfg = Release|Any CPU
		{F433F689-B845-422D-9320-72C7C9469FB5}.Ad-Hoc|x64.Build.0 = Release|Any CPU
		{F433F689-B845-422D-9320-72C7C9469FB5}.Ad-Hoc|x64.Deploy.0 = Release|Any CPU
		{F433F689-B845-422D-9320-72C7C9469FB5}.Ad-Hoc|x86.ActiveCfg = Release|Any CPU
		{F433F689-B845-422D-9320-72C7C9469FB5}.Ad-Hoc|x86.Build.0 = Release|Any CPU
		{F433F689-B845-422D-9320-72C7C9469FB5}.Ad-Hoc|x86.Deploy.0 = Release|Any CPU
		{F433F689-B845-422D-9320-72C7C9469FB5}.AppStore|Any CPU.ActiveCfg = Release|Any CPU
		{F433F689-B845-422D-9320-72C7C9469FB5}.AppStore|Any CPU.Build.0 = Release|Any CPU
		{F433F689-B845-422D-9320-72C7C9469FB5}.AppStore|Any CPU.Deploy.0 = Release|Any CPU
		{F433F689-B845-422D-9320-72C7C9469FB5}.AppStore|ARM.ActiveCfg = Release|Any CPU
		{F433F689-B845-422D-9320-72C7C9469FB5}.AppStore|ARM.Build.0 = Release|Any CPU
		{F433F689-B845-422D-9320-72C7C9469FB5}.AppStore|ARM.Deploy.0 = Release|Any CPU
		{F433F689-B845-422D-9320-72C7C9469FB5}.AppStore|iPhone.ActiveCfg = Release|Any CPU
		{F433F689-B845-422D-9320-72C7C9469FB5}.AppStore|iPhone.Build.0 = Release|Any CPU
		{F433F689-B845-422D-9320-72C7C9469FB5}.AppStore|iPhone.Deploy.0 = Release|Any CPU
		{F433F689-B845-422D-9320-72C7C9469FB5}.AppStore|iPhoneSimulator.ActiveCfg = Release|Any CPU
		{F433F689-B845-422D-9320-72C7C9469FB5}.AppStore|iPhoneSimulator.Build.0 = Release|Any CPU
		{F433F689-B845-422D-9320-72C7C9469FB5}.AppStore|iPhoneSimulator.Deploy.0 = Release|Any CPU
		{F433F689-B845-422D-9320-72C7C9469FB5}.AppStore|x64.ActiveCfg = Release|Any CPU
		{F433F689-B845-422D-9320-72C7C9469FB5}.AppStore|x64.Build.0 = Release|Any CPU
		{F433F689-B845-422D-9320-72C7C9469FB5}.AppStore|x64.Deploy.0 = Release|Any CPU
		{F433F689-B845-422D-9320-72C7C9469FB5}.AppStore|x86.ActiveCfg = Release|Any CPU
		{F433F689-B845-422D-9320-72C7C9469FB5}.AppStore|x86.Build.0 = Release|Any CPU
		{F433F689-B845-422D-9320-72C7C9469FB5}.AppStore|x86.Deploy.0 = Release|Any CPU
		{F433F689-B845-422D-9320-72C7C9469FB5}.Debug|Any CPU.ActiveCfg = Debug|Any CPU
		{F433F689-B845-422D-9320-72C7C9469FB5}.Debug|Any CPU.Build.0 = Debug|Any CPU
		{F433F689-B845-422D-9320-72C7C9469FB5}.Debug|Any CPU.Deploy.0 = Debug|Any CPU
		{F433F689-B845-422D-9320-72C7C9469FB5}.Debug|ARM.ActiveCfg = Debug|Any CPU
		{F433F689-B845-422D-9320-72C7C9469FB5}.Debug|ARM.Build.0 = Debug|Any CPU
		{F433F689-B845-422D-9320-72C7C9469FB5}.Debug|ARM.Deploy.0 = Debug|Any CPU
		{F433F689-B845-422D-9320-72C7C9469FB5}.Debug|iPhone.ActiveCfg = Debug|Any CPU
		{F433F689-B845-422D-9320-72C7C9469FB5}.Debug|iPhone.Build.0 = Debug|Any CPU
		{F433F689-B845-422D-9320-72C7C9469FB5}.Debug|iPhone.Deploy.0 = Debug|Any CPU
		{F433F689-B845-422D-9320-72C7C9469FB5}.Debug|iPhoneSimulator.ActiveCfg = Debug|Any CPU
		{F433F689-B845-422D-9320-72C7C9469FB5}.Debug|iPhoneSimulator.Build.0 = Debug|Any CPU
		{F433F689-B845-422D-9320-72C7C9469FB5}.Debug|iPhoneSimulator.Deploy.0 = Debug|Any CPU
		{F433F689-B845-422D-9320-72C7C9469FB5}.Debug|x64.ActiveCfg = Debug|Any CPU
		{F433F689-B845-422D-9320-72C7C9469FB5}.Debug|x64.Build.0 = Debug|Any CPU
		{F433F689-B845-422D-9320-72C7C9469FB5}.Debug|x64.Deploy.0 = Debug|Any CPU
		{F433F689-B845-422D-9320-72C7C9469FB5}.Debug|x86.ActiveCfg = Debug|Any CPU
		{F433F689-B845-422D-9320-72C7C9469FB5}.Debug|x86.Build.0 = Debug|Any CPU
		{F433F689-B845-422D-9320-72C7C9469FB5}.Debug|x86.Deploy.0 = Debug|Any CPU
		{F433F689-B845-422D-9320-72C7C9469FB5}.Release|Any CPU.ActiveCfg = Release|Any CPU
		{F433F689-B845-422D-9320-72C7C9469FB5}.Release|Any CPU.Build.0 = Release|Any CPU
		{F433F689-B845-422D-9320-72C7C9469FB5}.Release|Any CPU.Deploy.0 = Release|Any CPU
		{F433F689-B845-422D-9320-72C7C9469FB5}.Release|ARM.ActiveCfg = Release|Any CPU
		{F433F689-B845-422D-9320-72C7C9469FB5}.Release|ARM.Build.0 = Release|Any CPU
		{F433F689-B845-422D-9320-72C7C9469FB5}.Release|ARM.Deploy.0 = Release|Any CPU
		{F433F689-B845-422D-9320-72C7C9469FB5}.Release|iPhone.ActiveCfg = Release|Any CPU
		{F433F689-B845-422D-9320-72C7C9469FB5}.Release|iPhone.Build.0 = Release|Any CPU
		{F433F689-B845-422D-9320-72C7C9469FB5}.Release|iPhone.Deploy.0 = Release|Any CPU
		{F433F689-B845-422D-9320-72C7C9469FB5}.Release|iPhoneSimulator.ActiveCfg = Release|Any CPU
		{F433F689-B845-422D-9320-72C7C9469FB5}.Release|iPhoneSimulator.Build.0 = Release|Any CPU
		{F433F689-B845-422D-9320-72C7C9469FB5}.Release|iPhoneSimulator.Deploy.0 = Release|Any CPU
		{F433F689-B845-422D-9320-72C7C9469FB5}.Release|x64.ActiveCfg = Release|Any CPU
		{F433F689-B845-422D-9320-72C7C9469FB5}.Release|x64.Build.0 = Release|Any CPU
		{F433F689-B845-422D-9320-72C7C9469FB5}.Release|x64.Deploy.0 = Release|Any CPU
		{F433F689-B845-422D-9320-72C7C9469FB5}.Release|x86.ActiveCfg = Release|Any CPU
		{F433F689-B845-422D-9320-72C7C9469FB5}.Release|x86.Build.0 = Release|Any CPU
		{F433F689-B845-422D-9320-72C7C9469FB5}.Release|x86.Deploy.0 = Release|Any CPU
		{ECA87A48-CBE7-48FA-90A4-94F44CC597E9}.Ad-Hoc|Any CPU.ActiveCfg = Ad-Hoc|iPhone
		{ECA87A48-CBE7-48FA-90A4-94F44CC597E9}.Ad-Hoc|Any CPU.Build.0 = Ad-Hoc|iPhone
		{ECA87A48-CBE7-48FA-90A4-94F44CC597E9}.Ad-Hoc|Any CPU.Deploy.0 = Ad-Hoc|iPhone
		{ECA87A48-CBE7-48FA-90A4-94F44CC597E9}.Ad-Hoc|ARM.ActiveCfg = Ad-Hoc|iPhone
		{ECA87A48-CBE7-48FA-90A4-94F44CC597E9}.Ad-Hoc|ARM.Build.0 = Ad-Hoc|iPhone
		{ECA87A48-CBE7-48FA-90A4-94F44CC597E9}.Ad-Hoc|ARM.Deploy.0 = Ad-Hoc|iPhone
		{ECA87A48-CBE7-48FA-90A4-94F44CC597E9}.Ad-Hoc|iPhone.ActiveCfg = Ad-Hoc|iPhone
		{ECA87A48-CBE7-48FA-90A4-94F44CC597E9}.Ad-Hoc|iPhone.Build.0 = Ad-Hoc|iPhone
		{ECA87A48-CBE7-48FA-90A4-94F44CC597E9}.Ad-Hoc|iPhone.Deploy.0 = Ad-Hoc|iPhone
		{ECA87A48-CBE7-48FA-90A4-94F44CC597E9}.Ad-Hoc|iPhoneSimulator.ActiveCfg = Ad-Hoc|iPhoneSimulator
		{ECA87A48-CBE7-48FA-90A4-94F44CC597E9}.Ad-Hoc|iPhoneSimulator.Build.0 = Ad-Hoc|iPhoneSimulator
		{ECA87A48-CBE7-48FA-90A4-94F44CC597E9}.Ad-Hoc|iPhoneSimulator.Deploy.0 = Ad-Hoc|iPhoneSimulator
		{ECA87A48-CBE7-48FA-90A4-94F44CC597E9}.Ad-Hoc|x64.ActiveCfg = Ad-Hoc|iPhone
		{ECA87A48-CBE7-48FA-90A4-94F44CC597E9}.Ad-Hoc|x64.Build.0 = Ad-Hoc|iPhone
		{ECA87A48-CBE7-48FA-90A4-94F44CC597E9}.Ad-Hoc|x64.Deploy.0 = Ad-Hoc|iPhone
		{ECA87A48-CBE7-48FA-90A4-94F44CC597E9}.Ad-Hoc|x86.ActiveCfg = Ad-Hoc|iPhone
		{ECA87A48-CBE7-48FA-90A4-94F44CC597E9}.Ad-Hoc|x86.Build.0 = Ad-Hoc|iPhone
		{ECA87A48-CBE7-48FA-90A4-94F44CC597E9}.Ad-Hoc|x86.Deploy.0 = Ad-Hoc|iPhone
		{ECA87A48-CBE7-48FA-90A4-94F44CC597E9}.AppStore|Any CPU.ActiveCfg = AppStore|iPhone
		{ECA87A48-CBE7-48FA-90A4-94F44CC597E9}.AppStore|Any CPU.Build.0 = AppStore|iPhone
		{ECA87A48-CBE7-48FA-90A4-94F44CC597E9}.AppStore|Any CPU.Deploy.0 = AppStore|iPhone
		{ECA87A48-CBE7-48FA-90A4-94F44CC597E9}.AppStore|ARM.ActiveCfg = AppStore|iPhone
		{ECA87A48-CBE7-48FA-90A4-94F44CC597E9}.AppStore|ARM.Build.0 = AppStore|iPhone
		{ECA87A48-CBE7-48FA-90A4-94F44CC597E9}.AppStore|ARM.Deploy.0 = AppStore|iPhone
		{ECA87A48-CBE7-48FA-90A4-94F44CC597E9}.AppStore|iPhone.ActiveCfg = AppStore|iPhone
		{ECA87A48-CBE7-48FA-90A4-94F44CC597E9}.AppStore|iPhone.Build.0 = AppStore|iPhone
		{ECA87A48-CBE7-48FA-90A4-94F44CC597E9}.AppStore|iPhone.Deploy.0 = AppStore|iPhone
		{ECA87A48-CBE7-48FA-90A4-94F44CC597E9}.AppStore|iPhoneSimulator.ActiveCfg = AppStore|iPhoneSimulator
		{ECA87A48-CBE7-48FA-90A4-94F44CC597E9}.AppStore|iPhoneSimulator.Build.0 = AppStore|iPhoneSimulator
		{ECA87A48-CBE7-48FA-90A4-94F44CC597E9}.AppStore|iPhoneSimulator.Deploy.0 = AppStore|iPhoneSimulator
		{ECA87A48-CBE7-48FA-90A4-94F44CC597E9}.AppStore|x64.ActiveCfg = AppStore|iPhone
		{ECA87A48-CBE7-48FA-90A4-94F44CC597E9}.AppStore|x64.Build.0 = AppStore|iPhone
		{ECA87A48-CBE7-48FA-90A4-94F44CC597E9}.AppStore|x64.Deploy.0 = AppStore|iPhone
		{ECA87A48-CBE7-48FA-90A4-94F44CC597E9}.AppStore|x86.ActiveCfg = AppStore|iPhone
		{ECA87A48-CBE7-48FA-90A4-94F44CC597E9}.AppStore|x86.Build.0 = AppStore|iPhone
		{ECA87A48-CBE7-48FA-90A4-94F44CC597E9}.AppStore|x86.Deploy.0 = AppStore|iPhone
		{ECA87A48-CBE7-48FA-90A4-94F44CC597E9}.Debug|Any CPU.ActiveCfg = Debug|iPhoneSimulator
		{ECA87A48-CBE7-48FA-90A4-94F44CC597E9}.Debug|Any CPU.Build.0 = Debug|iPhoneSimulator
		{ECA87A48-CBE7-48FA-90A4-94F44CC597E9}.Debug|Any CPU.Deploy.0 = Debug|iPhoneSimulator
		{ECA87A48-CBE7-48FA-90A4-94F44CC597E9}.Debug|ARM.ActiveCfg = Debug|iPhone
		{ECA87A48-CBE7-48FA-90A4-94F44CC597E9}.Debug|ARM.Build.0 = Debug|iPhone
		{ECA87A48-CBE7-48FA-90A4-94F44CC597E9}.Debug|ARM.Deploy.0 = Debug|iPhone
		{ECA87A48-CBE7-48FA-90A4-94F44CC597E9}.Debug|iPhone.ActiveCfg = Debug|iPhone
		{ECA87A48-CBE7-48FA-90A4-94F44CC597E9}.Debug|iPhone.Build.0 = Debug|iPhone
		{ECA87A48-CBE7-48FA-90A4-94F44CC597E9}.Debug|iPhone.Deploy.0 = Debug|iPhone
		{ECA87A48-CBE7-48FA-90A4-94F44CC597E9}.Debug|iPhoneSimulator.ActiveCfg = Debug|iPhoneSimulator
		{ECA87A48-CBE7-48FA-90A4-94F44CC597E9}.Debug|iPhoneSimulator.Build.0 = Debug|iPhoneSimulator
		{ECA87A48-CBE7-48FA-90A4-94F44CC597E9}.Debug|iPhoneSimulator.Deploy.0 = Debug|iPhoneSimulator
		{ECA87A48-CBE7-48FA-90A4-94F44CC597E9}.Debug|x64.ActiveCfg = Debug|iPhone
		{ECA87A48-CBE7-48FA-90A4-94F44CC597E9}.Debug|x64.Build.0 = Debug|iPhone
		{ECA87A48-CBE7-48FA-90A4-94F44CC597E9}.Debug|x64.Deploy.0 = Debug|iPhone
		{ECA87A48-CBE7-48FA-90A4-94F44CC597E9}.Debug|x86.ActiveCfg = Debug|iPhone
		{ECA87A48-CBE7-48FA-90A4-94F44CC597E9}.Debug|x86.Build.0 = Debug|iPhone
		{ECA87A48-CBE7-48FA-90A4-94F44CC597E9}.Debug|x86.Deploy.0 = Debug|iPhone
		{ECA87A48-CBE7-48FA-90A4-94F44CC597E9}.Release|Any CPU.ActiveCfg = Release|iPhone
		{ECA87A48-CBE7-48FA-90A4-94F44CC597E9}.Release|Any CPU.Build.0 = Release|iPhone
		{ECA87A48-CBE7-48FA-90A4-94F44CC597E9}.Release|Any CPU.Deploy.0 = Release|iPhone
		{ECA87A48-CBE7-48FA-90A4-94F44CC597E9}.Release|ARM.ActiveCfg = Release|iPhone
		{ECA87A48-CBE7-48FA-90A4-94F44CC597E9}.Release|ARM.Build.0 = Release|iPhone
		{ECA87A48-CBE7-48FA-90A4-94F44CC597E9}.Release|ARM.Deploy.0 = Release|iPhone
		{ECA87A48-CBE7-48FA-90A4-94F44CC597E9}.Release|iPhone.ActiveCfg = Release|iPhone
		{ECA87A48-CBE7-48FA-90A4-94F44CC597E9}.Release|iPhone.Build.0 = Release|iPhone
		{ECA87A48-CBE7-48FA-90A4-94F44CC597E9}.Release|iPhone.Deploy.0 = Release|iPhone
		{ECA87A48-CBE7-48FA-90A4-94F44CC597E9}.Release|iPhoneSimulator.ActiveCfg = Release|iPhoneSimulator
		{ECA87A48-CBE7-48FA-90A4-94F44CC597E9}.Release|iPhoneSimulator.Build.0 = Release|iPhoneSimulator
		{ECA87A48-CBE7-48FA-90A4-94F44CC597E9}.Release|iPhoneSimulator.Deploy.0 = Release|iPhoneSimulator
		{ECA87A48-CBE7-48FA-90A4-94F44CC597E9}.Release|x64.ActiveCfg = Release|iPhone
		{ECA87A48-CBE7-48FA-90A4-94F44CC597E9}.Release|x64.Build.0 = Release|iPhone
		{ECA87A48-CBE7-48FA-90A4-94F44CC597E9}.Release|x64.Deploy.0 = Release|iPhone
		{ECA87A48-CBE7-48FA-90A4-94F44CC597E9}.Release|x86.ActiveCfg = Release|iPhone
		{ECA87A48-CBE7-48FA-90A4-94F44CC597E9}.Release|x86.Build.0 = Release|iPhone
		{ECA87A48-CBE7-48FA-90A4-94F44CC597E9}.Release|x86.Deploy.0 = Release|iPhone
		{27C63C99-7291-4803-89C5-C9831FE3ED9E}.Ad-Hoc|Any CPU.ActiveCfg = Release|x86
		{27C63C99-7291-4803-89C5-C9831FE3ED9E}.Ad-Hoc|Any CPU.Build.0 = Release|x86
		{27C63C99-7291-4803-89C5-C9831FE3ED9E}.Ad-Hoc|Any CPU.Deploy.0 = Release|x86
		{27C63C99-7291-4803-89C5-C9831FE3ED9E}.Ad-Hoc|ARM.ActiveCfg = Release|ARM
		{27C63C99-7291-4803-89C5-C9831FE3ED9E}.Ad-Hoc|ARM.Build.0 = Release|ARM
		{27C63C99-7291-4803-89C5-C9831FE3ED9E}.Ad-Hoc|ARM.Deploy.0 = Release|ARM
		{27C63C99-7291-4803-89C5-C9831FE3ED9E}.Ad-Hoc|iPhone.ActiveCfg = Release|x86
		{27C63C99-7291-4803-89C5-C9831FE3ED9E}.Ad-Hoc|iPhone.Build.0 = Release|x86
		{27C63C99-7291-4803-89C5-C9831FE3ED9E}.Ad-Hoc|iPhone.Deploy.0 = Release|x86
		{27C63C99-7291-4803-89C5-C9831FE3ED9E}.Ad-Hoc|iPhoneSimulator.ActiveCfg = Release|x86
		{27C63C99-7291-4803-89C5-C9831FE3ED9E}.Ad-Hoc|iPhoneSimulator.Build.0 = Release|x86
		{27C63C99-7291-4803-89C5-C9831FE3ED9E}.Ad-Hoc|iPhoneSimulator.Deploy.0 = Release|x86
		{27C63C99-7291-4803-89C5-C9831FE3ED9E}.Ad-Hoc|x64.ActiveCfg = Release|x64
		{27C63C99-7291-4803-89C5-C9831FE3ED9E}.Ad-Hoc|x64.Build.0 = Release|x64
		{27C63C99-7291-4803-89C5-C9831FE3ED9E}.Ad-Hoc|x64.Deploy.0 = Release|x64
		{27C63C99-7291-4803-89C5-C9831FE3ED9E}.Ad-Hoc|x86.ActiveCfg = Release|x86
		{27C63C99-7291-4803-89C5-C9831FE3ED9E}.Ad-Hoc|x86.Build.0 = Release|x86
		{27C63C99-7291-4803-89C5-C9831FE3ED9E}.Ad-Hoc|x86.Deploy.0 = Release|x86
		{27C63C99-7291-4803-89C5-C9831FE3ED9E}.AppStore|Any CPU.ActiveCfg = Release|x86
		{27C63C99-7291-4803-89C5-C9831FE3ED9E}.AppStore|Any CPU.Build.0 = Release|x86
		{27C63C99-7291-4803-89C5-C9831FE3ED9E}.AppStore|Any CPU.Deploy.0 = Release|x86
		{27C63C99-7291-4803-89C5-C9831FE3ED9E}.AppStore|ARM.ActiveCfg = Release|ARM
		{27C63C99-7291-4803-89C5-C9831FE3ED9E}.AppStore|ARM.Build.0 = Release|ARM
		{27C63C99-7291-4803-89C5-C9831FE3ED9E}.AppStore|ARM.Deploy.0 = Release|ARM
		{27C63C99-7291-4803-89C5-C9831FE3ED9E}.AppStore|iPhone.ActiveCfg = Release|x86
		{27C63C99-7291-4803-89C5-C9831FE3ED9E}.AppStore|iPhone.Build.0 = Release|x86
		{27C63C99-7291-4803-89C5-C9831FE3ED9E}.AppStore|iPhone.Deploy.0 = Release|x86
		{27C63C99-7291-4803-89C5-C9831FE3ED9E}.AppStore|iPhoneSimulator.ActiveCfg = Release|x86
		{27C63C99-7291-4803-89C5-C9831FE3ED9E}.AppStore|iPhoneSimulator.Build.0 = Release|x86
		{27C63C99-7291-4803-89C5-C9831FE3ED9E}.AppStore|iPhoneSimulator.Deploy.0 = Release|x86
		{27C63C99-7291-4803-89C5-C9831FE3ED9E}.AppStore|x64.ActiveCfg = Release|x64
		{27C63C99-7291-4803-89C5-C9831FE3ED9E}.AppStore|x64.Build.0 = Release|x64
		{27C63C99-7291-4803-89C5-C9831FE3ED9E}.AppStore|x64.Deploy.0 = Release|x64
		{27C63C99-7291-4803-89C5-C9831FE3ED9E}.AppStore|x86.ActiveCfg = Release|x86
		{27C63C99-7291-4803-89C5-C9831FE3ED9E}.AppStore|x86.Build.0 = Release|x86
		{27C63C99-7291-4803-89C5-C9831FE3ED9E}.AppStore|x86.Deploy.0 = Release|x86
		{27C63C99-7291-4803-89C5-C9831FE3ED9E}.Debug|Any CPU.ActiveCfg = Debug|x86
		{27C63C99-7291-4803-89C5-C9831FE3ED9E}.Debug|Any CPU.Build.0 = Debug|x86
		{27C63C99-7291-4803-89C5-C9831FE3ED9E}.Debug|Any CPU.Deploy.0 = Debug|x86
		{27C63C99-7291-4803-89C5-C9831FE3ED9E}.Debug|ARM.ActiveCfg = Debug|ARM
		{27C63C99-7291-4803-89C5-C9831FE3ED9E}.Debug|ARM.Build.0 = Debug|ARM
		{27C63C99-7291-4803-89C5-C9831FE3ED9E}.Debug|ARM.Deploy.0 = Debug|ARM
		{27C63C99-7291-4803-89C5-C9831FE3ED9E}.Debug|iPhone.ActiveCfg = Debug|x86
		{27C63C99-7291-4803-89C5-C9831FE3ED9E}.Debug|iPhone.Build.0 = Debug|x86
		{27C63C99-7291-4803-89C5-C9831FE3ED9E}.Debug|iPhone.Deploy.0 = Debug|x86
		{27C63C99-7291-4803-89C5-C9831FE3ED9E}.Debug|iPhoneSimulator.ActiveCfg = Debug|x86
		{27C63C99-7291-4803-89C5-C9831FE3ED9E}.Debug|iPhoneSimulator.Build.0 = Debug|x86
		{27C63C99-7291-4803-89C5-C9831FE3ED9E}.Debug|iPhoneSimulator.Deploy.0 = Debug|x86
		{27C63C99-7291-4803-89C5-C9831FE3ED9E}.Debug|x64.ActiveCfg = Debug|x64
		{27C63C99-7291-4803-89C5-C9831FE3ED9E}.Debug|x64.Build.0 = Debug|x64
		{27C63C99-7291-4803-89C5-C9831FE3ED9E}.Debug|x64.Deploy.0 = Debug|x64
		{27C63C99-7291-4803-89C5-C9831FE3ED9E}.Debug|x86.ActiveCfg = Debug|x86
		{27C63C99-7291-4803-89C5-C9831FE3ED9E}.Debug|x86.Build.0 = Debug|x86
		{27C63C99-7291-4803-89C5-C9831FE3ED9E}.Debug|x86.Deploy.0 = Debug|x86
		{27C63C99-7291-4803-89C5-C9831FE3ED9E}.Release|Any CPU.ActiveCfg = Release|x86
		{27C63C99-7291-4803-89C5-C9831FE3ED9E}.Release|Any CPU.Build.0 = Release|x86
		{27C63C99-7291-4803-89C5-C9831FE3ED9E}.Release|Any CPU.Deploy.0 = Release|x86
		{27C63C99-7291-4803-89C5-C9831FE3ED9E}.Release|ARM.ActiveCfg = Release|ARM
		{27C63C99-7291-4803-89C5-C9831FE3ED9E}.Release|ARM.Build.0 = Release|ARM
		{27C63C99-7291-4803-89C5-C9831FE3ED9E}.Release|ARM.Deploy.0 = Release|ARM
		{27C63C99-7291-4803-89C5-C9831FE3ED9E}.Release|iPhone.ActiveCfg = Release|x86
		{27C63C99-7291-4803-89C5-C9831FE3ED9E}.Release|iPhone.Build.0 = Release|x86
		{27C63C99-7291-4803-89C5-C9831FE3ED9E}.Release|iPhone.Deploy.0 = Release|x86
		{27C63C99-7291-4803-89C5-C9831FE3ED9E}.Release|iPhoneSimulator.ActiveCfg = Release|x86
		{27C63C99-7291-4803-89C5-C9831FE3ED9E}.Release|iPhoneSimulator.Build.0 = Release|x86
		{27C63C99-7291-4803-89C5-C9831FE3ED9E}.Release|iPhoneSimulator.Deploy.0 = Release|x86
		{27C63C99-7291-4803-89C5-C9831FE3ED9E}.Release|x64.ActiveCfg = Release|x64
		{27C63C99-7291-4803-89C5-C9831FE3ED9E}.Release|x64.Build.0 = Release|x64
		{27C63C99-7291-4803-89C5-C9831FE3ED9E}.Release|x64.Deploy.0 = Release|x64
		{27C63C99-7291-4803-89C5-C9831FE3ED9E}.Release|x86.ActiveCfg = Release|x86
		{27C63C99-7291-4803-89C5-C9831FE3ED9E}.Release|x86.Build.0 = Release|x86
		{27C63C99-7291-4803-89C5-C9831FE3ED9E}.Release|x86.Deploy.0 = Release|x86
		{7C578751-897E-4D98-BDFA-D57E11A7933E}.Ad-Hoc|Any CPU.ActiveCfg = Debug|Any CPU
		{7C578751-897E-4D98-BDFA-D57E11A7933E}.Ad-Hoc|Any CPU.Build.0 = Debug|Any CPU
		{7C578751-897E-4D98-BDFA-D57E11A7933E}.Ad-Hoc|Any CPU.Deploy.0 = Debug|Any CPU
		{7C578751-897E-4D98-BDFA-D57E11A7933E}.Ad-Hoc|ARM.ActiveCfg = Debug|Any CPU
		{7C578751-897E-4D98-BDFA-D57E11A7933E}.Ad-Hoc|ARM.Build.0 = Debug|Any CPU
		{7C578751-897E-4D98-BDFA-D57E11A7933E}.Ad-Hoc|ARM.Deploy.0 = Debug|Any CPU
		{7C578751-897E-4D98-BDFA-D57E11A7933E}.Ad-Hoc|iPhone.ActiveCfg = Debug|Any CPU
		{7C578751-897E-4D98-BDFA-D57E11A7933E}.Ad-Hoc|iPhone.Build.0 = Debug|Any CPU
		{7C578751-897E-4D98-BDFA-D57E11A7933E}.Ad-Hoc|iPhone.Deploy.0 = Debug|Any CPU
		{7C578751-897E-4D98-BDFA-D57E11A7933E}.Ad-Hoc|iPhoneSimulator.ActiveCfg = Debug|Any CPU
		{7C578751-897E-4D98-BDFA-D57E11A7933E}.Ad-Hoc|iPhoneSimulator.Build.0 = Debug|Any CPU
		{7C578751-897E-4D98-BDFA-D57E11A7933E}.Ad-Hoc|iPhoneSimulator.Deploy.0 = Debug|Any CPU
		{7C578751-897E-4D98-BDFA-D57E11A7933E}.Ad-Hoc|x64.ActiveCfg = Debug|Any CPU
		{7C578751-897E-4D98-BDFA-D57E11A7933E}.Ad-Hoc|x64.Build.0 = Debug|Any CPU
		{7C578751-897E-4D98-BDFA-D57E11A7933E}.Ad-Hoc|x64.Deploy.0 = Debug|Any CPU
		{7C578751-897E-4D98-BDFA-D57E11A7933E}.Ad-Hoc|x86.ActiveCfg = Debug|Any CPU
		{7C578751-897E-4D98-BDFA-D57E11A7933E}.Ad-Hoc|x86.Build.0 = Debug|Any CPU
		{7C578751-897E-4D98-BDFA-D57E11A7933E}.Ad-Hoc|x86.Deploy.0 = Debug|Any CPU
		{7C578751-897E-4D98-BDFA-D57E11A7933E}.AppStore|Any CPU.ActiveCfg = Debug|Any CPU
		{7C578751-897E-4D98-BDFA-D57E11A7933E}.AppStore|Any CPU.Build.0 = Debug|Any CPU
		{7C578751-897E-4D98-BDFA-D57E11A7933E}.AppStore|Any CPU.Deploy.0 = Debug|Any CPU
		{7C578751-897E-4D98-BDFA-D57E11A7933E}.AppStore|ARM.ActiveCfg = Debug|Any CPU
		{7C578751-897E-4D98-BDFA-D57E11A7933E}.AppStore|ARM.Build.0 = Debug|Any CPU
		{7C578751-897E-4D98-BDFA-D57E11A7933E}.AppStore|ARM.Deploy.0 = Debug|Any CPU
		{7C578751-897E-4D98-BDFA-D57E11A7933E}.AppStore|iPhone.ActiveCfg = Debug|Any CPU
		{7C578751-897E-4D98-BDFA-D57E11A7933E}.AppStore|iPhone.Build.0 = Debug|Any CPU
		{7C578751-897E-4D98-BDFA-D57E11A7933E}.AppStore|iPhone.Deploy.0 = Debug|Any CPU
		{7C578751-897E-4D98-BDFA-D57E11A7933E}.AppStore|iPhoneSimulator.ActiveCfg = Debug|Any CPU
		{7C578751-897E-4D98-BDFA-D57E11A7933E}.AppStore|iPhoneSimulator.Build.0 = Debug|Any CPU
		{7C578751-897E-4D98-BDFA-D57E11A7933E}.AppStore|iPhoneSimulator.Deploy.0 = Debug|Any CPU
		{7C578751-897E-4D98-BDFA-D57E11A7933E}.AppStore|x64.ActiveCfg = Debug|Any CPU
		{7C578751-897E-4D98-BDFA-D57E11A7933E}.AppStore|x64.Build.0 = Debug|Any CPU
		{7C578751-897E-4D98-BDFA-D57E11A7933E}.AppStore|x64.Deploy.0 = Debug|Any CPU
		{7C578751-897E-4D98-BDFA-D57E11A7933E}.AppStore|x86.ActiveCfg = Debug|Any CPU
		{7C578751-897E-4D98-BDFA-D57E11A7933E}.AppStore|x86.Build.0 = Debug|Any CPU
		{7C578751-897E-4D98-BDFA-D57E11A7933E}.AppStore|x86.Deploy.0 = Debug|Any CPU
		{7C578751-897E-4D98-BDFA-D57E11A7933E}.Debug|Any CPU.ActiveCfg = Debug|Any CPU
		{7C578751-897E-4D98-BDFA-D57E11A7933E}.Debug|Any CPU.Build.0 = Debug|Any CPU
		{7C578751-897E-4D98-BDFA-D57E11A7933E}.Debug|Any CPU.Deploy.0 = Debug|Any CPU
		{7C578751-897E-4D98-BDFA-D57E11A7933E}.Debug|ARM.ActiveCfg = Debug|Any CPU
		{7C578751-897E-4D98-BDFA-D57E11A7933E}.Debug|ARM.Build.0 = Debug|Any CPU
		{7C578751-897E-4D98-BDFA-D57E11A7933E}.Debug|ARM.Deploy.0 = Debug|Any CPU
		{7C578751-897E-4D98-BDFA-D57E11A7933E}.Debug|iPhone.ActiveCfg = Debug|Any CPU
		{7C578751-897E-4D98-BDFA-D57E11A7933E}.Debug|iPhone.Build.0 = Debug|Any CPU
		{7C578751-897E-4D98-BDFA-D57E11A7933E}.Debug|iPhone.Deploy.0 = Debug|Any CPU
		{7C578751-897E-4D98-BDFA-D57E11A7933E}.Debug|iPhoneSimulator.ActiveCfg = Debug|Any CPU
		{7C578751-897E-4D98-BDFA-D57E11A7933E}.Debug|iPhoneSimulator.Build.0 = Debug|Any CPU
		{7C578751-897E-4D98-BDFA-D57E11A7933E}.Debug|iPhoneSimulator.Deploy.0 = Debug|Any CPU
		{7C578751-897E-4D98-BDFA-D57E11A7933E}.Debug|x64.ActiveCfg = Debug|Any CPU
		{7C578751-897E-4D98-BDFA-D57E11A7933E}.Debug|x64.Build.0 = Debug|Any CPU
		{7C578751-897E-4D98-BDFA-D57E11A7933E}.Debug|x64.Deploy.0 = Debug|Any CPU
		{7C578751-897E-4D98-BDFA-D57E11A7933E}.Debug|x86.ActiveCfg = Debug|Any CPU
		{7C578751-897E-4D98-BDFA-D57E11A7933E}.Debug|x86.Build.0 = Debug|Any CPU
		{7C578751-897E-4D98-BDFA-D57E11A7933E}.Debug|x86.Deploy.0 = Debug|Any CPU
		{7C578751-897E-4D98-BDFA-D57E11A7933E}.Release|Any CPU.ActiveCfg = Release|Any CPU
		{7C578751-897E-4D98-BDFA-D57E11A7933E}.Release|Any CPU.Build.0 = Release|Any CPU
		{7C578751-897E-4D98-BDFA-D57E11A7933E}.Release|Any CPU.Deploy.0 = Release|Any CPU
		{7C578751-897E-4D98-BDFA-D57E11A7933E}.Release|ARM.ActiveCfg = Release|Any CPU
		{7C578751-897E-4D98-BDFA-D57E11A7933E}.Release|ARM.Build.0 = Release|Any CPU
		{7C578751-897E-4D98-BDFA-D57E11A7933E}.Release|ARM.Deploy.0 = Release|Any CPU
		{7C578751-897E-4D98-BDFA-D57E11A7933E}.Release|iPhone.ActiveCfg = Release|Any CPU
		{7C578751-897E-4D98-BDFA-D57E11A7933E}.Release|iPhone.Build.0 = Release|Any CPU
		{7C578751-897E-4D98-BDFA-D57E11A7933E}.Release|iPhone.Deploy.0 = Release|Any CPU
		{7C578751-897E-4D98-BDFA-D57E11A7933E}.Release|iPhoneSimulator.ActiveCfg = Release|Any CPU
		{7C578751-897E-4D98-BDFA-D57E11A7933E}.Release|iPhoneSimulator.Build.0 = Release|Any CPU
		{7C578751-897E-4D98-BDFA-D57E11A7933E}.Release|iPhoneSimulator.Deploy.0 = Release|Any CPU
		{7C578751-897E-4D98-BDFA-D57E11A7933E}.Release|x64.ActiveCfg = Release|Any CPU
		{7C578751-897E-4D98-BDFA-D57E11A7933E}.Release|x64.Build.0 = Release|Any CPU
		{7C578751-897E-4D98-BDFA-D57E11A7933E}.Release|x64.Deploy.0 = Release|Any CPU
		{7C578751-897E-4D98-BDFA-D57E11A7933E}.Release|x86.ActiveCfg = Release|Any CPU
		{7C578751-897E-4D98-BDFA-D57E11A7933E}.Release|x86.Build.0 = Release|Any CPU
		{7C578751-897E-4D98-BDFA-D57E11A7933E}.Release|x86.Deploy.0 = Release|Any CPU
		{E0598D6C-4523-4370-9ABB-F34CA04973C1}.Ad-Hoc|Any CPU.ActiveCfg = Debug|Any CPU
		{E0598D6C-4523-4370-9ABB-F34CA04973C1}.Ad-Hoc|Any CPU.Build.0 = Debug|Any CPU
		{E0598D6C-4523-4370-9ABB-F34CA04973C1}.Ad-Hoc|ARM.ActiveCfg = Debug|Any CPU
		{E0598D6C-4523-4370-9ABB-F34CA04973C1}.Ad-Hoc|ARM.Build.0 = Debug|Any CPU
		{E0598D6C-4523-4370-9ABB-F34CA04973C1}.Ad-Hoc|iPhone.ActiveCfg = Debug|Any CPU
		{E0598D6C-4523-4370-9ABB-F34CA04973C1}.Ad-Hoc|iPhone.Build.0 = Debug|Any CPU
		{E0598D6C-4523-4370-9ABB-F34CA04973C1}.Ad-Hoc|iPhoneSimulator.ActiveCfg = Debug|Any CPU
		{E0598D6C-4523-4370-9ABB-F34CA04973C1}.Ad-Hoc|iPhoneSimulator.Build.0 = Debug|Any CPU
		{E0598D6C-4523-4370-9ABB-F34CA04973C1}.Ad-Hoc|x64.ActiveCfg = Debug|Any CPU
		{E0598D6C-4523-4370-9ABB-F34CA04973C1}.Ad-Hoc|x64.Build.0 = Debug|Any CPU
		{E0598D6C-4523-4370-9ABB-F34CA04973C1}.Ad-Hoc|x86.ActiveCfg = Debug|Any CPU
		{E0598D6C-4523-4370-9ABB-F34CA04973C1}.Ad-Hoc|x86.Build.0 = Debug|Any CPU
		{E0598D6C-4523-4370-9ABB-F34CA04973C1}.AppStore|Any CPU.ActiveCfg = Debug|Any CPU
		{E0598D6C-4523-4370-9ABB-F34CA04973C1}.AppStore|Any CPU.Build.0 = Debug|Any CPU
		{E0598D6C-4523-4370-9ABB-F34CA04973C1}.AppStore|ARM.ActiveCfg = Debug|Any CPU
		{E0598D6C-4523-4370-9ABB-F34CA04973C1}.AppStore|ARM.Build.0 = Debug|Any CPU
		{E0598D6C-4523-4370-9ABB-F34CA04973C1}.AppStore|iPhone.ActiveCfg = Debug|Any CPU
		{E0598D6C-4523-4370-9ABB-F34CA04973C1}.AppStore|iPhone.Build.0 = Debug|Any CPU
		{E0598D6C-4523-4370-9ABB-F34CA04973C1}.AppStore|iPhoneSimulator.ActiveCfg = Debug|Any CPU
		{E0598D6C-4523-4370-9ABB-F34CA04973C1}.AppStore|iPhoneSimulator.Build.0 = Debug|Any CPU
		{E0598D6C-4523-4370-9ABB-F34CA04973C1}.AppStore|x64.ActiveCfg = Debug|Any CPU
		{E0598D6C-4523-4370-9ABB-F34CA04973C1}.AppStore|x64.Build.0 = Debug|Any CPU
		{E0598D6C-4523-4370-9ABB-F34CA04973C1}.AppStore|x86.ActiveCfg = Debug|Any CPU
		{E0598D6C-4523-4370-9ABB-F34CA04973C1}.AppStore|x86.Build.0 = Debug|Any CPU
		{E0598D6C-4523-4370-9ABB-F34CA04973C1}.Debug|Any CPU.ActiveCfg = Debug|Any CPU
		{E0598D6C-4523-4370-9ABB-F34CA04973C1}.Debug|Any CPU.Build.0 = Debug|Any CPU
		{E0598D6C-4523-4370-9ABB-F34CA04973C1}.Debug|ARM.ActiveCfg = Debug|Any CPU
		{E0598D6C-4523-4370-9ABB-F34CA04973C1}.Debug|ARM.Build.0 = Debug|Any CPU
		{E0598D6C-4523-4370-9ABB-F34CA04973C1}.Debug|iPhone.ActiveCfg = Debug|Any CPU
		{E0598D6C-4523-4370-9ABB-F34CA04973C1}.Debug|iPhone.Build.0 = Debug|Any CPU
		{E0598D6C-4523-4370-9ABB-F34CA04973C1}.Debug|iPhoneSimulator.ActiveCfg = Debug|Any CPU
		{E0598D6C-4523-4370-9ABB-F34CA04973C1}.Debug|iPhoneSimulator.Build.0 = Debug|Any CPU
		{E0598D6C-4523-4370-9ABB-F34CA04973C1}.Debug|x64.ActiveCfg = Debug|Any CPU
		{E0598D6C-4523-4370-9ABB-F34CA04973C1}.Debug|x64.Build.0 = Debug|Any CPU
		{E0598D6C-4523-4370-9ABB-F34CA04973C1}.Debug|x86.ActiveCfg = Debug|Any CPU
		{E0598D6C-4523-4370-9ABB-F34CA04973C1}.Debug|x86.Build.0 = Debug|Any CPU
		{E0598D6C-4523-4370-9ABB-F34CA04973C1}.Release|Any CPU.ActiveCfg = Release|Any CPU
		{E0598D6C-4523-4370-9ABB-F34CA04973C1}.Release|Any CPU.Build.0 = Release|Any CPU
		{E0598D6C-4523-4370-9ABB-F34CA04973C1}.Release|ARM.ActiveCfg = Release|Any CPU
		{E0598D6C-4523-4370-9ABB-F34CA04973C1}.Release|ARM.Build.0 = Release|Any CPU
		{E0598D6C-4523-4370-9ABB-F34CA04973C1}.Release|iPhone.ActiveCfg = Release|Any CPU
		{E0598D6C-4523-4370-9ABB-F34CA04973C1}.Release|iPhone.Build.0 = Release|Any CPU
		{E0598D6C-4523-4370-9ABB-F34CA04973C1}.Release|iPhoneSimulator.ActiveCfg = Release|Any CPU
		{E0598D6C-4523-4370-9ABB-F34CA04973C1}.Release|iPhoneSimulator.Build.0 = Release|Any CPU
		{E0598D6C-4523-4370-9ABB-F34CA04973C1}.Release|x64.ActiveCfg = Release|Any CPU
		{E0598D6C-4523-4370-9ABB-F34CA04973C1}.Release|x64.Build.0 = Release|Any CPU
		{E0598D6C-4523-4370-9ABB-F34CA04973C1}.Release|x86.ActiveCfg = Release|Any CPU
		{E0598D6C-4523-4370-9ABB-F34CA04973C1}.Release|x86.Build.0 = Release|Any CPU
		{6907B932-DD5B-42DC-8ECF-60D5D089BB54}.Ad-Hoc|Any CPU.ActiveCfg = Debug|Any CPU
		{6907B932-DD5B-42DC-8ECF-60D5D089BB54}.Ad-Hoc|Any CPU.Build.0 = Debug|Any CPU
		{6907B932-DD5B-42DC-8ECF-60D5D089BB54}.Ad-Hoc|ARM.ActiveCfg = Debug|Any CPU
		{6907B932-DD5B-42DC-8ECF-60D5D089BB54}.Ad-Hoc|ARM.Build.0 = Debug|Any CPU
		{6907B932-DD5B-42DC-8ECF-60D5D089BB54}.Ad-Hoc|iPhone.ActiveCfg = Debug|Any CPU
		{6907B932-DD5B-42DC-8ECF-60D5D089BB54}.Ad-Hoc|iPhone.Build.0 = Debug|Any CPU
		{6907B932-DD5B-42DC-8ECF-60D5D089BB54}.Ad-Hoc|iPhoneSimulator.ActiveCfg = Debug|Any CPU
		{6907B932-DD5B-42DC-8ECF-60D5D089BB54}.Ad-Hoc|iPhoneSimulator.Build.0 = Debug|Any CPU
		{6907B932-DD5B-42DC-8ECF-60D5D089BB54}.Ad-Hoc|x64.ActiveCfg = Debug|Any CPU
		{6907B932-DD5B-42DC-8ECF-60D5D089BB54}.Ad-Hoc|x64.Build.0 = Debug|Any CPU
		{6907B932-DD5B-42DC-8ECF-60D5D089BB54}.Ad-Hoc|x86.ActiveCfg = Debug|Any CPU
		{6907B932-DD5B-42DC-8ECF-60D5D089BB54}.Ad-Hoc|x86.Build.0 = Debug|Any CPU
		{6907B932-DD5B-42DC-8ECF-60D5D089BB54}.AppStore|Any CPU.ActiveCfg = Debug|Any CPU
		{6907B932-DD5B-42DC-8ECF-60D5D089BB54}.AppStore|Any CPU.Build.0 = Debug|Any CPU
		{6907B932-DD5B-42DC-8ECF-60D5D089BB54}.AppStore|ARM.ActiveCfg = Debug|Any CPU
		{6907B932-DD5B-42DC-8ECF-60D5D089BB54}.AppStore|ARM.Build.0 = Debug|Any CPU
		{6907B932-DD5B-42DC-8ECF-60D5D089BB54}.AppStore|iPhone.ActiveCfg = Debug|Any CPU
		{6907B932-DD5B-42DC-8ECF-60D5D089BB54}.AppStore|iPhone.Build.0 = Debug|Any CPU
		{6907B932-DD5B-42DC-8ECF-60D5D089BB54}.AppStore|iPhoneSimulator.ActiveCfg = Debug|Any CPU
		{6907B932-DD5B-42DC-8ECF-60D5D089BB54}.AppStore|iPhoneSimulator.Build.0 = Debug|Any CPU
		{6907B932-DD5B-42DC-8ECF-60D5D089BB54}.AppStore|x64.ActiveCfg = Debug|Any CPU
		{6907B932-DD5B-42DC-8ECF-60D5D089BB54}.AppStore|x64.Build.0 = Debug|Any CPU
		{6907B932-DD5B-42DC-8ECF-60D5D089BB54}.AppStore|x86.ActiveCfg = Debug|Any CPU
		{6907B932-DD5B-42DC-8ECF-60D5D089BB54}.AppStore|x86.Build.0 = Debug|Any CPU
		{6907B932-DD5B-42DC-8ECF-60D5D089BB54}.Debug|Any CPU.ActiveCfg = Debug|Any CPU
		{6907B932-DD5B-42DC-8ECF-60D5D089BB54}.Debug|Any CPU.Build.0 = Debug|Any CPU
		{6907B932-DD5B-42DC-8ECF-60D5D089BB54}.Debug|ARM.ActiveCfg = Debug|Any CPU
		{6907B932-DD5B-42DC-8ECF-60D5D089BB54}.Debug|ARM.Build.0 = Debug|Any CPU
		{6907B932-DD5B-42DC-8ECF-60D5D089BB54}.Debug|iPhone.ActiveCfg = Debug|Any CPU
		{6907B932-DD5B-42DC-8ECF-60D5D089BB54}.Debug|iPhone.Build.0 = Debug|Any CPU
		{6907B932-DD5B-42DC-8ECF-60D5D089BB54}.Debug|iPhoneSimulator.ActiveCfg = Debug|Any CPU
		{6907B932-DD5B-42DC-8ECF-60D5D089BB54}.Debug|iPhoneSimulator.Build.0 = Debug|Any CPU
		{6907B932-DD5B-42DC-8ECF-60D5D089BB54}.Debug|x64.ActiveCfg = Debug|Any CPU
		{6907B932-DD5B-42DC-8ECF-60D5D089BB54}.Debug|x64.Build.0 = Debug|Any CPU
		{6907B932-DD5B-42DC-8ECF-60D5D089BB54}.Debug|x86.ActiveCfg = Debug|Any CPU
		{6907B932-DD5B-42DC-8ECF-60D5D089BB54}.Debug|x86.Build.0 = Debug|Any CPU
		{6907B932-DD5B-42DC-8ECF-60D5D089BB54}.Release|Any CPU.ActiveCfg = Release|Any CPU
		{6907B932-DD5B-42DC-8ECF-60D5D089BB54}.Release|Any CPU.Build.0 = Release|Any CPU
		{6907B932-DD5B-42DC-8ECF-60D5D089BB54}.Release|ARM.ActiveCfg = Release|Any CPU
		{6907B932-DD5B-42DC-8ECF-60D5D089BB54}.Release|ARM.Build.0 = Release|Any CPU
		{6907B932-DD5B-42DC-8ECF-60D5D089BB54}.Release|iPhone.ActiveCfg = Release|Any CPU
		{6907B932-DD5B-42DC-8ECF-60D5D089BB54}.Release|iPhone.Build.0 = Release|Any CPU
		{6907B932-DD5B-42DC-8ECF-60D5D089BB54}.Release|iPhoneSimulator.ActiveCfg = Release|Any CPU
		{6907B932-DD5B-42DC-8ECF-60D5D089BB54}.Release|iPhoneSimulator.Build.0 = Release|Any CPU
		{6907B932-DD5B-42DC-8ECF-60D5D089BB54}.Release|x64.ActiveCfg = Release|Any CPU
		{6907B932-DD5B-42DC-8ECF-60D5D089BB54}.Release|x64.Build.0 = Release|Any CPU
		{6907B932-DD5B-42DC-8ECF-60D5D089BB54}.Release|x86.ActiveCfg = Release|Any CPU
		{6907B932-DD5B-42DC-8ECF-60D5D089BB54}.Release|x86.Build.0 = Release|Any CPU
	EndGlobalSection
	GlobalSection(SolutionProperties) = preSolution
		HideSolutionNode = FALSE
	EndGlobalSection
	GlobalSection(ExtensibilityGlobals) = postSolution
		SolutionGuid = {37E0037B-B9D0-4866-9108-8D76B12EA030}
	EndGlobalSection
EndGlobal
