
Microsoft Visual Studio Solution File, Format Version 12.00
# Visual Studio 15
VisualStudioVersion = 15.0.28307.329
MinimumVisualStudioVersion = 10.0.40219.1
Project("{FAE04EC0-301F-11D3-BF4B-00C04F79EFBC}") = "MobileService.Model", "MobileService.Model\MobileService.Model.csproj", "{2B24AA55-3FB2-4B29-88C1-9274DE39E949}"
EndProject
Project("{FAE04EC0-301F-11D3-BF4B-00C04F79EFBC}") = "MobileService.Controller", "MobileService.Controller\MobileService.Controller.csproj", "{B2818C85-0F67-4C01-A4B5-6744977F3559}"
EndProject
Project("{FAE04EC0-301F-11D3-BF4B-00C04F79EFBC}") = "MobileService.Database", "MobileService.Database\MobileService.Database.csproj", "{51B0E1D7-FA89-4C34-BBC7-BB36F44A55D6}"
EndProject
Project("{FAE04EC0-301F-11D3-BF4B-00C04F79EFBC}") = "MobileService.WcfService", "MobileService.WcfService\MobileService.WcfService.csproj", "{A500AAEA-C690-49C7-9EE9-F069C5CA6CAE}"
EndProject
Project("{FAE04EC0-301F-11D3-BF4B-00C04F79EFBC}") = "MobileService.Exception", "MobileService.Exception\MobileService.Exception.csproj", "{A30EF766-1A70-45E6-9BA0-69DCEEC28112}"
EndProject
Project("{FAE04EC0-301F-11D3-BF4B-00C04F79EFBC}") = "Test", "UnitTest\Test.csproj", "{DE539B00-29BD-4FA9-9C0B-08EF71D7B6D5}"
EndProject
Global
	GlobalSection(SolutionConfigurationPlatforms) = preSolution
		Debug|Any CPU = Debug|Any CPU
		Release|Any CPU = Release|Any CPU
	EndGlobalSection
	GlobalSection(ProjectConfigurationPlatforms) = postSolution
		{2B24AA55-3FB2-4B29-88C1-9274DE39E949}.Debug|Any CPU.ActiveCfg = Debug|Any CPU
		{2B24AA55-3FB2-4B29-88C1-9274DE39E949}.Debug|Any CPU.Build.0 = Debug|Any CPU
		{2B24AA55-3FB2-4B29-88C1-9274DE39E949}.Release|Any CPU.ActiveCfg = Release|Any CPU
		{2B24AA55-3FB2-4B29-88C1-9274DE39E949}.Release|Any CPU.Build.0 = Release|Any CPU
		{B2818C85-0F67-4C01-A4B5-6744977F3559}.Debug|Any CPU.ActiveCfg = Debug|Any CPU
		{B2818C85-0F67-4C01-A4B5-6744977F3559}.Debug|Any CPU.Build.0 = Debug|Any CPU
		{B2818C85-0F67-4C01-A4B5-6744977F3559}.Release|Any CPU.ActiveCfg = Release|Any CPU
		{B2818C85-0F67-4C01-A4B5-6744977F3559}.Release|Any CPU.Build.0 = Release|Any CPU
		{51B0E1D7-FA89-4C34-BBC7-BB36F44A55D6}.Debug|Any CPU.ActiveCfg = Debug|Any CPU
		{51B0E1D7-FA89-4C34-BBC7-BB36F44A55D6}.Debug|Any CPU.Build.0 = Debug|Any CPU
		{51B0E1D7-FA89-4C34-BBC7-BB36F44A55D6}.Release|Any CPU.ActiveCfg = Release|Any CPU
		{51B0E1D7-FA89-4C34-BBC7-BB36F44A55D6}.Release|Any CPU.Build.0 = Release|Any CPU
		{A500AAEA-C690-49C7-9EE9-F069C5CA6CAE}.Debug|Any CPU.ActiveCfg = Debug|Any CPU
		{A500AAEA-C690-49C7-9EE9-F069C5CA6CAE}.Debug|Any CPU.Build.0 = Debug|Any CPU
		{A500AAEA-C690-49C7-9EE9-F069C5CA6CAE}.Release|Any CPU.ActiveCfg = Release|Any CPU
		{A500AAEA-C690-49C7-9EE9-F069C5CA6CAE}.Release|Any CPU.Build.0 = Release|Any CPU
		{A30EF766-1A70-45E6-9BA0-69DCEEC28112}.Debug|Any CPU.ActiveCfg = Debug|Any CPU
		{A30EF766-1A70-45E6-9BA0-69DCEEC28112}.Debug|Any CPU.Build.0 = Debug|Any CPU
		{A30EF766-1A70-45E6-9BA0-69DCEEC28112}.Release|Any CPU.ActiveCfg = Release|Any CPU
		{A30EF766-1A70-45E6-9BA0-69DCEEC28112}.Release|Any CPU.Build.0 = Release|Any CPU
		{DE539B00-29BD-4FA9-9C0B-08EF71D7B6D5}.Debug|Any CPU.ActiveCfg = Debug|Any CPU
		{DE539B00-29BD-4FA9-9C0B-08EF71D7B6D5}.Debug|Any CPU.Build.0 = Debug|Any CPU
		{DE539B00-29BD-4FA9-9C0B-08EF71D7B6D5}.Release|Any CPU.ActiveCfg = Release|Any CPU
		{DE539B00-29BD-4FA9-9C0B-08EF71D7B6D5}.Release|Any CPU.Build.0 = Release|Any CPU
	EndGlobalSection
	GlobalSection(SolutionProperties) = preSolution
		HideSolutionNode = FALSE
	EndGlobalSection
	GlobalSection(ExtensibilityGlobals) = postSolution
		SolutionGuid = {614DEB5F-37BB-4347-A6AF-B247DA8FF7E7}
	EndGlobalSection
EndGlobal
